
Microsoft Visual Studio Solution File, Format Version 12.00
# Visual Studio Version 16
VisualStudioVersion = 16.0.30907.101
MinimumVisualStudioVersion = 10.0.40219.1
Project("{FAE04EC0-301F-11D3-BF4B-00C04F79EFBC}") = "HttpTriggeredQueueOutputFunction", "HttpTriggeredQueueOutputFunction\HttpTriggeredQueueOutputFunction.csproj", "{22E28B46-D57A-489F-A674-1E663B9A0080}"
EndProject
Project("{2150E333-8FDC-42A3-9474-1A3956D46DE8}") = "Solution Items", "Solution Items", "{B69B93A7-DF4B-438D-ABA7-6BBC8574A2C6}"
	ProjectSection(SolutionItems) = preProject
		README.md = README.md
	EndProjectSection
EndProject
Project("{2150E333-8FDC-42A3-9474-1A3956D46DE8}") = "images", "images", "{184E2563-6AF4-4175-853C-D590734D6D30}"
	ProjectSection(SolutionItems) = preProject
		images\addconnectedservicemenu.png = images\addconnectedservicemenu.png
		images\azcreatenewproject.png = images\azcreatenewproject.png
		images\defaultazurefunctioncode.png = images\defaultazurefunctioncode.png
		images\getrequestfrompostman.png = images\getrequestfrompostman.png
		images\manageconnectedservicestab.png = images\manageconnectedservicestab.png
		images\newlycreatedazurefunctionprojectinsolutionexplorer.png = images\newlycreatedazurefunctionprojectinsolutionexplorer.png
		images\postrequestfromrestclient.png = images\postrequestfromrestclient.png
		images\publishoptions1targetselection.png = images\publishoptions1targetselection.png
		images\publishoptions2specifictarget.png = images\publishoptions2specifictarget.png
		images\publishoptions3functioninstanceselection.png = images\publishoptions3functioninstanceselection.png
		images\publishoptions4functionappcreation.png = images\publishoptions4functionappcreation.png
		images\publishoptions5functioncreatedfinishscreen.png = images\publishoptions5functioncreatedfinishscreen.png
		images\publishoptions6postdeploymentscreen.png = images\publishoptions6postdeploymentscreen.png
		images\runfunctioncmdwaitingrequest.png = images\runfunctioncmdwaitingrequest.png
		images\vscreatenewfunctionwizard.png = images\vscreatenewfunctionwizard.png
		images\vsinstallerazuredevelopment.png = images\vsinstallerazuredevelopment.png
		images\vsnewprojectazurefunction.png = images\vsnewprojectazurefunction.png
		images\vsprojectname.png = images\vsprojectname.png
	EndProjectSection
EndProject
Global
	GlobalSection(SolutionConfigurationPlatforms) = preSolution
		Debug|Any CPU = Debug|Any CPU
		Release|Any CPU = Release|Any CPU
	EndGlobalSection
	GlobalSection(ProjectConfigurationPlatforms) = postSolution
		{22E28B46-D57A-489F-A674-1E663B9A0080}.Debug|Any CPU.ActiveCfg = Debug|Any CPU
		{22E28B46-D57A-489F-A674-1E663B9A0080}.Debug|Any CPU.Build.0 = Debug|Any CPU
		{22E28B46-D57A-489F-A674-1E663B9A0080}.Release|Any CPU.ActiveCfg = Release|Any CPU
		{22E28B46-D57A-489F-A674-1E663B9A0080}.Release|Any CPU.Build.0 = Release|Any CPU
	EndGlobalSection
	GlobalSection(SolutionProperties) = preSolution
		HideSolutionNode = FALSE
	EndGlobalSection
	GlobalSection(NestedProjects) = preSolution
		{184E2563-6AF4-4175-853C-D590734D6D30} = {B69B93A7-DF4B-438D-ABA7-6BBC8574A2C6}
	EndGlobalSection
	GlobalSection(ExtensibilityGlobals) = postSolution
		SolutionGuid = {5917763E-98AC-46AB-B8ED-602BC139D53A}
	EndGlobalSection
EndGlobal
